
Microsoft Visual Studio Solution File, Format Version 12.00
# Visual Studio Version 16
VisualStudioVersion = 16.0.30804.86
MinimumVisualStudioVersion = 10.0.40219.1
Project("{F184B08F-C81C-45F6-A57F-5ABD9991F28F}") = "WebApplication1", "WebApplication1\WebApplication1.vbproj", "{9A76EF9A-787B-4C7E-8B87-6E15EF5B151F}"
EndProject
Project("{2150E333-8FDC-42A3-9474-1A3956D46DE8}") = "Application", "Application", "{4A041BBF-847F-4B26-9240-98E0753CF43E}"
EndProject
Project("{2150E333-8FDC-42A3-9474-1A3956D46DE8}") = "Domain", "Domain", "{93CA4E5A-0237-4961-9C1C-45B30223A03C}"
EndProject
Project("{2150E333-8FDC-42A3-9474-1A3956D46DE8}") = "Service", "Service", "{7A4E7C6A-1AAA-4ACC-BF9B-249787C8B11F}"
EndProject
Project("{2150E333-8FDC-42A3-9474-1A3956D46DE8}") = "Infra", "Infra", "{693E5BAB-300B-4705-B358-72BC0711665A}"
EndProject
Global
	GlobalSection(SolutionConfigurationPlatforms) = preSolution
		Debug|Any CPU = Debug|Any CPU
		Release|Any CPU = Release|Any CPU
	EndGlobalSection
	GlobalSection(ProjectConfigurationPlatforms) = postSolution
		{9A76EF9A-787B-4C7E-8B87-6E15EF5B151F}.Debug|Any CPU.ActiveCfg = Debug|Any CPU
		{9A76EF9A-787B-4C7E-8B87-6E15EF5B151F}.Debug|Any CPU.Build.0 = Debug|Any CPU
		{9A76EF9A-787B-4C7E-8B87-6E15EF5B151F}.Release|Any CPU.ActiveCfg = Release|Any CPU
		{9A76EF9A-787B-4C7E-8B87-6E15EF5B151F}.Release|Any CPU.Build.0 = Release|Any CPU
	EndGlobalSection
	GlobalSection(SolutionProperties) = preSolution
		HideSolutionNode = FALSE
	EndGlobalSection
	GlobalSection(NestedProjects) = preSolution
		{9A76EF9A-787B-4C7E-8B87-6E15EF5B151F} = {4A041BBF-847F-4B26-9240-98E0753CF43E}
	EndGlobalSection
	GlobalSection(ExtensibilityGlobals) = postSolution
		SolutionGuid = {642D2CAF-C111-4ED7-BCE6-1A0D654C7E64}
	EndGlobalSection
EndGlobal
